
Microsoft Visual Studio Solution File, Format Version 12.00
# Visual Studio Version 17
VisualStudioVersion = 17.3.32825.248
MinimumVisualStudioVersion = 10.0.40219.1
Project("{FAE04EC0-301F-11D3-BF4B-00C04F79EFBC}") = "SignalR.StockTicker", "SignalR.StockTicker\SignalR.StockTicker.csproj", "{669232F3-4AE8-4F54-8E3B-22FB709560E2}"
EndProject
Global
	GlobalSection(SolutionConfigurationPlatforms) = preSolution
		Debug|Any CPU = Debug|Any CPU
		Release|Any CPU = Release|Any CPU
	EndGlobalSection
	GlobalSection(ProjectConfigurationPlatforms) = postSolution
		{669232F3-4AE8-4F54-8E3B-22FB709560E2}.Debug|Any CPU.ActiveCfg = Debug|Any CPU
		{669232F3-4AE8-4F54-8E3B-22FB709560E2}.Debug|Any CPU.Build.0 = Debug|Any CPU
		{669232F3-4AE8-4F54-8E3B-22FB709560E2}.Release|Any CPU.ActiveCfg = Release|Any CPU
		{669232F3-4AE8-4F54-8E3B-22FB709560E2}.Release|Any CPU.Build.0 = Release|Any CPU
	EndGlobalSection
	GlobalSection(SolutionProperties) = preSolution
		HideSolutionNode = FALSE
	EndGlobalSection
	GlobalSection(ExtensibilityGlobals) = postSolution
		SolutionGuid = {C3D569EC-BA74-481C-B2CE-E6FD465550C0}
	EndGlobalSection
EndGlobal
